
Microsoft Visual Studio Solution File, Format Version 12.00
# Visual Studio Version 17
VisualStudioVersion = 17.14.36603.0 d17.14
MinimumVisualStudioVersion = 10.0.40219.1
Project("{9A19103F-16F7-4668-BE54-9A1E7A4F7556}") = "Server", "Server\Server.csproj", "{ECE354A8-1AEB-4ABA-A3C1-013A029AF560}"
EndProject
Project("{9A19103F-16F7-4668-BE54-9A1E7A4F7556}") = "ServerCore", "ServerCore\ServerCore.csproj", "{225DE72F-27CC-45B4-B0F0-F8F08A7328A2}"
EndProject
Project("{2150E333-8FDC-42A3-9474-1A3956D46DE8}") = "Tools", "Tools", "{C8D5274F-AC00-46C7-1F8D-E88E81087A52}"
EndProject
Project("{FAE04EC0-301F-11D3-BF4B-00C04F79EFBC}") = "PacketGenerator", "..\Tools\PacketGenerator.csproj", "{5DF3A860-8DC3-DDA5-25DB-A7A2D3998538}"
EndProject
Global
	GlobalSection(SolutionConfigurationPlatforms) = preSolution
		Debug|Any CPU = Debug|Any CPU
		Release|Any CPU = Release|Any CPU
	EndGlobalSection
	GlobalSection(ProjectConfigurationPlatforms) = postSolution
		{ECE354A8-1AEB-4ABA-A3C1-013A029AF560}.Debug|Any CPU.ActiveCfg = Debug|Any CPU
		{ECE354A8-1AEB-4ABA-A3C1-013A029AF560}.Debug|Any CPU.Build.0 = Debug|Any CPU
		{ECE354A8-1AEB-4ABA-A3C1-013A029AF560}.Release|Any CPU.ActiveCfg = Release|Any CPU
		{ECE354A8-1AEB-4ABA-A3C1-013A029AF560}.Release|Any CPU.Build.0 = Release|Any CPU
		{225DE72F-27CC-45B4-B0F0-F8F08A7328A2}.Debug|Any CPU.ActiveCfg = Debug|Any CPU
		{225DE72F-27CC-45B4-B0F0-F8F08A7328A2}.Debug|Any CPU.Build.0 = Debug|Any CPU
		{225DE72F-27CC-45B4-B0F0-F8F08A7328A2}.Release|Any CPU.ActiveCfg = Release|Any CPU
		{225DE72F-27CC-45B4-B0F0-F8F08A7328A2}.Release|Any CPU.Build.0 = Release|Any CPU
		{5DF3A860-8DC3-DDA5-25DB-A7A2D3998538}.Debug|Any CPU.ActiveCfg = Debug|Any CPU
		{5DF3A860-8DC3-DDA5-25DB-A7A2D3998538}.Debug|Any CPU.Build.0 = Debug|Any CPU
		{5DF3A860-8DC3-DDA5-25DB-A7A2D3998538}.Release|Any CPU.ActiveCfg = Release|Any CPU
		{5DF3A860-8DC3-DDA5-25DB-A7A2D3998538}.Release|Any CPU.Build.0 = Release|Any CPU
	EndGlobalSection
	GlobalSection(SolutionProperties) = preSolution
		HideSolutionNode = FALSE
	EndGlobalSection
	GlobalSection(NestedProjects) = preSolution
		{5DF3A860-8DC3-DDA5-25DB-A7A2D3998538} = {C8D5274F-AC00-46C7-1F8D-E88E81087A52}
	EndGlobalSection
	GlobalSection(ExtensibilityGlobals) = postSolution
		SolutionGuid = {E3218959-EC75-4BE2-A827-B759D604BFDB}
	EndGlobalSection
EndGlobal
